<?xml version="1.0" encoding="utf-8"?>
<Project ToolsVersion="4.0" xmlns="http://schemas.microsoft.com/developer/msbuild/2003">
  <ItemGroup>
    <Filter Include="Source Files">
      <UniqueIdentifier>{4FC737F1-C7A5-4376-A066-2A32D752A2FF}</UniqueIdentifier>
      <Extensions>cpp;c;cc;cxx;def;odl;idl;hpj;bat;asm;asmx</Extensions>
    </Filter>
    <Filter Include="Header Files">
      <UniqueIdentifier>{93995380-89BD-4b04-88EB-625FBE52EBFB}</UniqueIdentifier>
      <Extensions>h;hpp;hxx;hm;inl;inc;xsd</Extensions>
    </Filter>
    <Filter Include="Resource Files">
      <UniqueIdentifier>{67DA6AB6-F800-4c08-8B7A-83BB121AAD01}</UniqueIdentifier>
      <Extensions>rc;ico;cur;bmp;dlg;rc2;rct;bin;rgs;gif;jpg;jpeg;jpe;resx;tiff;tif;png;wav;mfcribbon-ms</Extensions>
    </Filter>
  </ItemGroup>
  <ItemGroup>
    <ClCompile Include="..\src\abc\_vextr.cxx">
      <Filter>Source Files</Filter>
    </ClCompile>
    <ClCompile Include="..\src\abc\utf_traits.cxx">
      <Filter>Source Files</Filter>
    </ClCompile>
    <ClCompile Include="..\src\abc\atomic.cxx">
      <Filter>Source Files</Filter>
    </ClCompile>
    <ClCompile Include="..\src\abc\bitmanip.cxx">
      <Filter>Source Files</Filter>
    </ClCompile>
    <ClCompile Include="..\src\abc\byteorder.cxx">
      <Filter>Source Files</Filter>
    </ClCompile>
    <ClCompile Include="..\src\abc\core.cxx">
      <Filter>Source Files</Filter>
    </ClCompile>
    <ClCompile Include="..\src\abc\enum.cxx">
      <Filter>Source Files</Filter>
    </ClCompile>
    <ClCompile Include="..\src\abc\exception.cxx">
      <Filter>Source Files</Filter>
    </ClCompile>
    <ClCompile Include="..\src\abc\file.cxx">
      <Filter>Source Files</Filter>
    </ClCompile>
    <ClCompile Include="..\src\abc\file_iostream.cxx">
      <Filter>Source Files</Filter>
    </ClCompile>
    <ClCompile Include="..\src\abc\file_path.cxx">
      <Filter>Source Files</Filter>
    </ClCompile>
    <ClCompile Include="..\src\abc\iostream.cxx">
      <Filter>Source Files</Filter>
    </ClCompile>
    <ClCompile Include="..\src\abc\memory.cxx">
      <Filter>Source Files</Filter>
    </ClCompile>
    <ClCompile Include="..\src\abc\module.cxx">
      <Filter>Source Files</Filter>
    </ClCompile>
    <ClCompile Include="..\src\abc\str.cxx">
      <Filter>Source Files</Filter>
    </ClCompile>
    <ClCompile Include="..\src\abc\str_iostream.cxx">
      <Filter>Source Files</Filter>
    </ClCompile>
    <ClCompile Include="..\src\abc\text.cxx">
      <Filter>Source Files</Filter>
    </ClCompile>
    <ClCompile Include="..\src\abc\to_str_backend.cxx">
      <Filter>Source Files</Filter>
    </ClCompile>
    <ClCompile Include="..\src\abc\trace.cxx">
      <Filter>Source Files</Filter>
    </ClCompile>
  </ItemGroup>
  <ItemGroup>
    <ClInclude Include="..\include\abc\_map_base.hxx">
      <Filter>Header Files</Filter>
    </ClInclude>
    <ClInclude Include="..\include\abc\vector.hxx">
      <Filter>Header Files</Filter>
    </ClInclude>
    <ClInclude Include="..\include\abc\_vextr.hxx">
      <Filter>Header Files</Filter>
    </ClInclude>
    <ClInclude Include="..\include\abc\atomic.hxx">
      <Filter>Header Files</Filter>
    </ClInclude>
    <ClInclude Include="..\include\abc\bitmanip.hxx">
      <Filter>Header Files</Filter>
    </ClInclude>
    <ClInclude Include="..\include\abc\byteorder.hxx">
      <Filter>Header Files</Filter>
    </ClInclude>
    <ClInclude Include="..\include\abc\char.hxx">
      <Filter>Header Files</Filter>
    </ClInclude>
    <ClInclude Include="..\include\abc\core.hxx">
      <Filter>Header Files</Filter>
    </ClInclude>
    <ClInclude Include="..\include\abc\cppmacros.hxx">
      <Filter>Header Files</Filter>
    </ClInclude>
    <ClInclude Include="..\include\abc\enum.hxx">
      <Filter>Header Files</Filter>
    </ClInclude>
    <ClInclude Include="..\include\abc\exception.hxx">
      <Filter>Header Files</Filter>
    </ClInclude>
    <ClInclude Include="..\include\abc\file.hxx">
      <Filter>Header Files</Filter>
    </ClInclude>
    <ClInclude Include="..\include\abc\file_iostream.hxx">
      <Filter>Header Files</Filter>
    </ClInclude>
    <ClInclude Include="..\include\abc\file_path.hxx">
      <Filter>Header Files</Filter>
    </ClInclude>
    <ClInclude Include="..\include\abc\iostream.hxx">
      <Filter>Header Files</Filter>
    </ClInclude>
    <ClInclude Include="..\include\abc\map.hxx">
      <Filter>Header Files</Filter>
    </ClInclude>
    <ClInclude Include="..\include\abc\memory.hxx">
      <Filter>Header Files</Filter>
    </ClInclude>
    <ClInclude Include="..\include\abc\module.hxx">
      <Filter>Header Files</Filter>
    </ClInclude>
    <ClInclude Include="..\include\abc\numeric.hxx">
      <Filter>Header Files</Filter>
    </ClInclude>
    <ClInclude Include="..\include\abc\persto.hxx">
      <Filter>Header Files</Filter>
    </ClInclude>
    <ClInclude Include="..\include\abc\str.hxx">
      <Filter>Header Files</Filter>
    </ClInclude>
    <ClInclude Include="..\include\abc\str_iostream.hxx">
      <Filter>Header Files</Filter>
    </ClInclude>
    <ClInclude Include="..\include\abc\text.hxx">
      <Filter>Header Files</Filter>
    </ClInclude>
    <ClInclude Include="..\include\abc\to_str_backend.hxx">
      <Filter>Header Files</Filter>
    </ClInclude>
    <ClInclude Include="..\include\abc\trace.hxx">
      <Filter>Header Files</Filter>
    </ClInclude>
    <ClInclude Include="..\include\abc\type_raw_cda.hxx">
      <Filter>Header Files</Filter>
    </ClInclude>
    <ClInclude Include="..\include\abc\utf_traits.hxx">
      <Filter>Header Files</Filter>
    </ClInclude>
  </ItemGroup>
  <ItemGroup>
    <None Include="..\.gitignore" />
    <None Include="..\README" />
    <None Include="..\COPYING" />
  </ItemGroup>
</Project>